{
  "version": 4,
  "terraform_version": "0.14.0",
  "serial": 42,
  "lineage": "5de7b849-307b-4289-c38e-a8abd032ad4b",
  "outputs": {},
  "resources": [
    {
      "mode": "data",
      "type": "aws_iam_policy_document",
      "name": "emr_assume_role",
      "provider": "provider[\"registry.terraform.io/hashicorp/aws\"]",
      "instances": [
        {
          "schema_version": 0,
          "attributes": {
            "id": "3008486542",
            "json": "{\n  \"Version\": \"2012-10-17\",\n  \"Statement\": [\n    {\n      \"Sid\": \"\",\n      \"Effect\": \"Allow\",\n      \"Action\": \"sts:AssumeRole\",\n      \"Principal\": {\n        \"Service\": \"elasticmapreduce.amazonaws.com\"\n      }\n    }\n  ]\n}",
            "override_json": null,
            "override_policy_documents": null,
            "policy_id": null,
            "source_json": null,
            "source_policy_documents": null,
            "statement": [
              {
                "actions": [
                  "sts:AssumeRole"
                ],
                "condition": [],
                "effect": "Allow",
                "not_actions": [],
                "not_principals": [],
                "not_resources": [],
                "principals": [
                  {
                    "identifiers": [
                      "elasticmapreduce.amazonaws.com"
                    ],
                    "type": "Service"
                  }
                ],
                "resources": [],
                "sid": ""
              }
            ],
            "version": "2012-10-17"
          },
          "sensitive_attributes": []
        }
      ]
    },
    {
      "mode": "data",
      "type": "aws_iam_policy_document",
      "name": "emr_autoscaling_role_policy",
      "provider": "provider[\"registry.terraform.io/hashicorp/aws\"]",
      "instances": [
        {
          "schema_version": 0,
          "attributes": {
            "id": "591677363",
            "json": "{\n  \"Version\": \"2012-10-17\",\n  \"Statement\": [\n    {\n      \"Sid\": \"\",\n      \"Effect\": \"Allow\",\n      \"Action\": \"sts:AssumeRole\",\n      \"Principal\": {\n        \"Service\": [\n          \"elasticmapreduce.amazonaws.com\",\n          \"application-autoscaling.amazonaws.com\"\n        ]\n      }\n    }\n  ]\n}",
            "override_json": null,
            "override_policy_documents": null,
            "policy_id": null,
            "source_json": null,
            "source_policy_documents": null,
            "statement": [
              {
                "actions": [
                  "sts:AssumeRole"
                ],
                "condition": [],
                "effect": "Allow",
                "not_actions": [],
                "not_principals": [],
                "not_resources": [],
                "principals": [
                  {
                    "identifiers": [
                      "application-autoscaling.amazonaws.com",
                      "elasticmapreduce.amazonaws.com"
                    ],
                    "type": "Service"
                  }
                ],
                "resources": [],
                "sid": ""
              }
            ],
            "version": "2012-10-17"
          },
          "sensitive_attributes": []
        }
      ]
    },
    {
      "mode": "managed",
      "type": "aws_emr_cluster",
      "name": "cluster",
      "provider": "provider[\"registry.terraform.io/hashicorp/aws\"]",
      "instances": [
        {
          "status": "tainted",
          "schema_version": 0,
          "attributes": {
            "additional_info": "{\"instanceAwsClientConfiguration\":{\"proxyHost\":\"myproxy.example.com\",\"proxyPort\":8099}}",
            "applications": [
              "Spark"
            ],
            "arn": null,
            "autoscaling_role": "arn:aws:iam::647278903881:role/EMR_AutoScalingRole",
            "bootstrap_action": [
              {
                "args": [
                  "instance.isMaster=true",
                  "echo running on master node"
                ],
                "name": "runif",
                "path": "s3://elasticmapreduce/bootstrap-actions/run-if"
              }
            ],
            "cluster_state": null,
            "configurations": null,
            "configurations_json": "[{\"Classification\":\"hadoop-env\",\"Configurations\":[{\"Classification\":\"export\",\"Properties\":{\"JAVA_HOME\":\"/usr/lib/jvm/java-1.8.0\"}}],\"Properties\":{}},{\"Classification\":\"spark-env\",\"Configurations\":[{\"Classification\":\"export\",\"Properties\":{\"JAVA_HOME\":\"/usr/lib/jvm/java-1.8.0\"}}],\"Properties\":{}}]",
            "core_instance_fleet": null,
            "core_instance_group": [
              {
                "autoscaling_policy": "{\r\n\"Constraints\": {\r\n  \"MinCapacity\": 1,\r\n  \"MaxCapacity\": 2\r\n},\r\n\"Rules\": [\r\n  {\r\n    \"Name\": \"ScaleOutMemoryPercentage\",\r\n    \"Description\": \"Scale out if YARNMemoryAvailablePercentage is less than 15\",\r\n    \"Action\": {\r\n      \"SimpleScalingPolicyConfiguration\": {\r\n        \"AdjustmentType\": \"CHANGE_IN_CAPACITY\",\r\n        \"ScalingAdjustment\": 1,\r\n        \"CoolDown\": 300\r\n      }\r\n    },\r\n    \"Trigger\": {\r\n      \"CloudWatchAlarmDefinition\": {\r\n        \"ComparisonOperator\": \"LESS_THAN\",\r\n        \"EvaluationPeriods\": 1,\r\n        \"MetricName\": \"YARNMemoryAvailablePercentage\",\r\n        \"Namespace\": \"AWS/ElasticMapReduce\",\r\n        \"Period\": 300,\r\n        \"Statistic\": \"AVERAGE\",\r\n        \"Threshold\": 15.0,\r\n        \"Unit\": \"PERCENT\"\r\n      }\r\n    }\r\n  }\r\n]\r\n}\r\n",
                "bid_price": "0.30",
                "ebs_config": [
                  {
                    "iops": null,
                    "size": 40,
                    "type": "gp2",
                    "volumes_per_instance": 1
                  }
                ],
                "id": "",
                "instance_count": 1,
                "instance_type": "c4.large",
                "name": ""
              }
            ],
            "custom_ami_id": null,
            "ebs_root_volume_size": 100,
            "ec2_attributes": [
              {
                "additional_master_security_groups": "",
                "additional_slave_security_groups": "",
                "emr_managed_master_security_group": "sg-0cdf00190f127155d",
                "emr_managed_slave_security_group": "sg-0075464d1fd4b1fb9",
                "instance_profile": "arn:aws:iam::647278903881:instance-profile/test_profile",
                "key_name": "",
                "service_access_security_group": "",
                "subnet_id": "subnet-076cb04d3c9ab0f83"
              }
            ],
            "id": "j-1NKITVT8C5A0L",
            "keep_job_flow_alive_when_no_steps": true,
            "kerberos_attributes": [],
            "log_uri": null,
            "master_instance_fleet": null,
            "master_instance_group": [
              {
                "bid_price": "",
                "ebs_config": [],
                "id": "",
                "instance_count": 1,
                "instance_type": "m4.large",
                "name": ""
              }
            ],
            "master_public_dns": null,
            "name": "emr-test-arn",
            "release_label": "emr-4.6.0",
            "scale_down_behavior": null,
            "security_configuration": null,
            "service_role": "arn:aws:iam::647278903881:role/EMR_ServiceRole",
            "step": null,
            "step_concurrency_level": 1,
            "tags": {
              "env": "env",
              "role": "rolename"
            },
            "termination_protection": false,
            "visible_to_all_users": true
          },
          "sensitive_attributes": [],
          "private": "bnVsbA==",
          "dependencies": [
            "aws_iam_instance_profile.emr_profile",
            "aws_iam_role.emr_autoscaling_role",
            "aws_iam_role.emr_service_role",
            "aws_iam_role.role",
            "aws_security_group.emr_master",
            "aws_security_group.emr_slave",
            "aws_subnet.emr_subnet",
            "aws_vpc.emr_vpc",
            "data.aws_iam_policy_document.emr_assume_role",
            "data.aws_iam_policy_document.emr_autoscaling_role_policy"
          ]
        }
      ]
    },
    {
      "mode": "managed",
      "type": "aws_iam_instance_profile",
      "name": "emr_profile",
      "provider": "provider[\"registry.terraform.io/hashicorp/aws\"]",
      "instances": [
        {
          "schema_version": 0,
          "attributes": {
            "arn": "arn:aws:iam::647278903881:instance-profile/test_profile",
            "create_date": "2021-03-25T13:30:04Z",
            "id": "test_profile",
            "name": "test_profile",
            "name_prefix": null,
            "path": "/",
            "role": "test_role",
            "unique_id": "AIPAZNNGUIJEZY4SHII4W"
          },
          "sensitive_attributes": [],
          "private": "bnVsbA==",
          "dependencies": [
            "aws_iam_role.role"
          ]
        }
      ]
    },
    {
      "mode": "managed",
      "type": "aws_iam_role",
      "name": "emr_autoscaling_role",
      "provider": "provider[\"registry.terraform.io/hashicorp/aws\"]",
      "instances": [
        {
          "schema_version": 0,
          "attributes": {
            "arn": "arn:aws:iam::647278903881:role/EMR_AutoScalingRole",
            "assume_role_policy": "{\"Version\":\"2012-10-17\",\"Statement\":[{\"Sid\":\"\",\"Effect\":\"Allow\",\"Principal\":{\"Service\":[\"elasticmapreduce.amazonaws.com\",\"application-autoscaling.amazonaws.com\"]},\"Action\":\"sts:AssumeRole\"}]}",
            "create_date": "2021-03-25T13:30:01Z",
            "description": "",
            "force_detach_policies": false,
            "id": "EMR_AutoScalingRole",
            "inline_policy": [
              {
                "name": "",
                "policy": ""
              }
            ],
            "managed_policy_arns": [],
            "max_session_duration": 3600,
            "name": "EMR_AutoScalingRole",
            "name_prefix": null,
            "path": "/",
            "permissions_boundary": null,
            "tags": null,
            "unique_id": "AROAZNNGUIJEUVNTTVQ2M"
          },
          "sensitive_attributes": [],
          "private": "bnVsbA==",
          "dependencies": [
            "data.aws_iam_policy_document.emr_autoscaling_role_policy"
          ]
        }
      ]
    },
    {
      "mode": "managed",
      "type": "aws_iam_role",
      "name": "emr_service_role",
      "provider": "provider[\"registry.terraform.io/hashicorp/aws\"]",
      "instances": [
        {
          "schema_version": 0,
          "attributes": {
            "arn": "arn:aws:iam::647278903881:role/EMR_ServiceRole",
            "assume_role_policy": "{\"Version\":\"2012-10-17\",\"Statement\":[{\"Sid\":\"\",\"Effect\":\"Allow\",\"Principal\":{\"Service\":\"elasticmapreduce.amazonaws.com\"},\"Action\":\"sts:AssumeRole\"}]}",
            "create_date": "2021-03-25T13:30:01Z",
            "description": "",
            "force_detach_policies": false,
            "id": "EMR_ServiceRole",
            "inline_policy": [
              {
                "name": "",
                "policy": ""
              }
            ],
            "managed_policy_arns": [],
            "max_session_duration": 3600,
            "name": "EMR_ServiceRole",
            "name_prefix": null,
            "path": "/",
            "permissions_boundary": null,
            "tags": null,
            "unique_id": "AROAZNNGUIJEXN2N3EERY"
          },
          "sensitive_attributes": [],
          "private": "bnVsbA==",
          "dependencies": [
            "data.aws_iam_policy_document.emr_assume_role"
          ]
        }
      ]
    },
    {
      "mode": "managed",
      "type": "aws_iam_role",
      "name": "role",
      "provider": "provider[\"registry.terraform.io/hashicorp/aws\"]",
      "instances": [
        {
          "schema_version": 0,
          "attributes": {
            "arn": "arn:aws:iam::647278903881:role/test_role",
            "assume_role_policy": "{\"Version\":\"2012-10-17\",\"Statement\":[{\"Sid\":\"\",\"Effect\":\"Allow\",\"Principal\":{\"Service\":\"ec2.amazonaws.com\"},\"Action\":\"sts:AssumeRole\"}]}",
            "create_date": "2021-03-25T13:30:01Z",
            "description": "",
            "force_detach_policies": false,
            "id": "test_role",
            "inline_policy": [
              {
                "name": "",
                "policy": ""
              }
            ],
            "managed_policy_arns": [],
            "max_session_duration": 3600,
            "name": "test_role",
            "name_prefix": null,
            "path": "/",
            "permissions_boundary": null,
            "tags": null,
            "unique_id": "AROAZNNGUIJETGEZ5JBD2"
          },
          "sensitive_attributes": [],
          "private": "bnVsbA=="
        }
      ]
    },
    {
      "mode": "managed",
      "type": "aws_iam_role_policy_attachment",
      "name": "emr_autoscaling_role",
      "provider": "provider[\"registry.terraform.io/hashicorp/aws\"]",
      "instances": [
        {
          "schema_version": 0,
          "attributes": {
            "id": "EMR_AutoScalingRole-20210325132943070200000002",
            "policy_arn": "arn:aws:iam::aws:policy/service-role/AmazonElasticMapReduceforAutoScalingRole",
            "role": "EMR_AutoScalingRole"
          },
          "sensitive_attributes": [],
          "private": "bnVsbA==",
          "dependencies": [
            "aws_iam_role.emr_autoscaling_role",
            "data.aws_iam_policy_document.emr_autoscaling_role_policy"
          ]
        }
      ]
    },
    {
      "mode": "managed",
      "type": "aws_iam_role_policy_attachment",
      "name": "emr_service_role",
      "provider": "provider[\"registry.terraform.io/hashicorp/aws\"]",
      "instances": [
        {
          "schema_version": 0,
          "attributes": {
            "id": "EMR_ServiceRole-20210325132943024100000001",
            "policy_arn": "arn:aws:iam::aws:policy/service-role/AmazonElasticMapReduceRole",
            "role": "EMR_ServiceRole"
          },
          "sensitive_attributes": [],
          "private": "bnVsbA==",
          "dependencies": [
            "aws_iam_role.emr_service_role",
            "data.aws_iam_policy_document.emr_assume_role"
          ]
        }
      ]
    },
    {
      "mode": "managed",
      "type": "aws_internet_gateway",
      "name": "gw",
      "provider": "provider[\"registry.terraform.io/hashicorp/aws\"]",
      "instances": [
        {
          "schema_version": 0,
          "attributes": {
            "arn": "arn:aws:ec2:us-east-1:647278903881:internet-gateway/igw-0864758447cc92f02",
            "id": "igw-0864758447cc92f02",
            "owner_id": "647278903881",
            "tags": {
              "Env": "Big Data",
              "Name": "Marcin",
              "Project": "PW"
            },
            "vpc_id": "vpc-0bfd49fd2b32bcfd6"
          },
          "sensitive_attributes": [],
          "private": "bnVsbA==",
          "dependencies": [
            "aws_vpc.emr_vpc"
          ]
        }
      ]
    },
    {
      "mode": "managed",
      "type": "aws_route_table",
      "name": "emr_route",
      "provider": "provider[\"registry.terraform.io/hashicorp/aws\"]",
      "instances": [
        {
          "schema_version": 0,
          "attributes": {
            "id": "rtb-0359ccd52480e008a",
            "owner_id": "647278903881",
            "propagating_vgws": [],
            "route": [
              {
                "cidr_block": "0.0.0.0/0",
                "egress_only_gateway_id": "",
                "gateway_id": "igw-0864758447cc92f02",
                "instance_id": "",
                "ipv6_cidr_block": "",
                "local_gateway_id": "",
                "nat_gateway_id": "",
                "network_interface_id": "",
                "transit_gateway_id": "",
                "vpc_endpoint_id": "",
                "vpc_peering_connection_id": ""
              }
            ],
            "tags": {
              "Env": "Big Data",
              "Name": "Marcin",
              "Project": "PW"
            },
            "vpc_id": "vpc-0bfd49fd2b32bcfd6"
          },
          "sensitive_attributes": [],
          "private": "bnVsbA==",
          "dependencies": [
            "aws_internet_gateway.gw",
            "aws_vpc.emr_vpc"
          ]
        }
      ]
    },
    {
      "mode": "managed",
      "type": "aws_security_group",
      "name": "emr_master",
      "provider": "provider[\"registry.terraform.io/hashicorp/aws\"]",
      "instances": [
        {
          "schema_version": 1,
          "attributes": {
            "arn": "arn:aws:ec2:us-east-1:647278903881:security-group/sg-0cdf00190f127155d",
            "description": "Security group for EMR master.",
            "egress": [
              {
                "cidr_blocks": [
                  "0.0.0.0/0"
                ],
                "description": "",
                "from_port": 0,
                "ipv6_cidr_blocks": [],
                "prefix_list_ids": [],
                "protocol": "-1",
                "security_groups": [],
                "self": false,
                "to_port": 0
              }
            ],
            "id": "sg-0cdf00190f127155d",
            "ingress": [
              {
                "cidr_blocks": [
                  "0.0.0.0/0"
                ],
                "description": "",
                "from_port": 20888,
                "ipv6_cidr_blocks": [],
                "prefix_list_ids": [],
                "protocol": "tcp",
                "security_groups": [],
                "self": false,
                "to_port": 20888
              },
              {
                "cidr_blocks": [
                  "0.0.0.0/0"
                ],
                "description": "",
                "from_port": 22,
                "ipv6_cidr_blocks": [],
                "prefix_list_ids": [],
                "protocol": "tcp",
                "security_groups": [],
                "self": false,
                "to_port": 22
              },
              {
                "cidr_blocks": [
                  "0.0.0.0/0"
                ],
                "description": "",
                "from_port": 4040,
                "ipv6_cidr_blocks": [],
                "prefix_list_ids": [],
                "protocol": "tcp",
                "security_groups": [],
                "self": false,
                "to_port": 4040
              },
              {
                "cidr_blocks": [
                  "0.0.0.0/0"
                ],
                "description": "",
                "from_port": 8888,
                "ipv6_cidr_blocks": [],
                "prefix_list_ids": [],
                "protocol": "tcp",
                "security_groups": [],
                "self": false,
                "to_port": 8888
              }
            ],
            "name": "Marcin - EMR-master",
            "name_prefix": "",
            "owner_id": "647278903881",
            "revoke_rules_on_delete": true,
            "tags": {
              "Name": "EMR_master"
            },
            "timeouts": null,
            "vpc_id": "vpc-0bfd49fd2b32bcfd6"
          },
          "sensitive_attributes": [],
          "private": "eyJlMmJmYjczMC1lY2FhLTExZTYtOGY4OC0zNDM2M2JjN2M0YzAiOnsiY3JlYXRlIjo2MDAwMDAwMDAwMDAsImRlbGV0ZSI6NjAwMDAwMDAwMDAwfSwic2NoZW1hX3ZlcnNpb24iOiIxIn0=",
          "dependencies": [
            "aws_vpc.emr_vpc"
          ]
        }
      ]
    },
    {
      "mode": "managed",
      "type": "aws_security_group",
      "name": "emr_slave",
      "provider": "provider[\"registry.terraform.io/hashicorp/aws\"]",
      "instances": [
        {
          "schema_version": 1,
          "attributes": {
            "arn": "arn:aws:ec2:us-east-1:647278903881:security-group/sg-0075464d1fd4b1fb9",
            "description": "Security group for EMR slave.",
            "egress": [
              {
                "cidr_blocks": [
                  "0.0.0.0/0"
                ],
                "description": "",
                "from_port": 0,
                "ipv6_cidr_blocks": [],
                "prefix_list_ids": [],
                "protocol": "-1",
                "security_groups": [],
                "self": false,
                "to_port": 0
              }
            ],
            "id": "sg-0075464d1fd4b1fb9",
            "ingress": [
              {
                "cidr_blocks": [
                  "0.0.0.0/0"
                ],
                "description": "",
                "from_port": 22,
                "ipv6_cidr_blocks": [],
                "prefix_list_ids": [],
                "protocol": "tcp",
                "security_groups": [],
                "self": false,
                "to_port": 22
              }
            ],
            "name": "Marcin - EMR-slave",
            "name_prefix": "",
            "owner_id": "647278903881",
            "revoke_rules_on_delete": true,
            "tags": {
              "Name": "EMR_slave"
            },
            "timeouts": null,
            "vpc_id": "vpc-0bfd49fd2b32bcfd6"
          },
          "sensitive_attributes": [],
          "private": "eyJlMmJmYjczMC1lY2FhLTExZTYtOGY4OC0zNDM2M2JjN2M0YzAiOnsiY3JlYXRlIjo2MDAwMDAwMDAwMDAsImRlbGV0ZSI6NjAwMDAwMDAwMDAwfSwic2NoZW1hX3ZlcnNpb24iOiIxIn0=",
          "dependencies": [
            "aws_vpc.emr_vpc"
          ]
        }
      ]
    },
    {
      "mode": "managed",
      "type": "aws_subnet",
      "name": "emr_subnet",
      "provider": "provider[\"registry.terraform.io/hashicorp/aws\"]",
      "instances": [
        {
          "schema_version": 1,
          "attributes": {
            "arn": "arn:aws:ec2:us-east-1:647278903881:subnet/subnet-076cb04d3c9ab0f83",
            "assign_ipv6_address_on_creation": false,
            "availability_zone": "us-east-1a",
            "availability_zone_id": "use1-az1",
            "cidr_block": "10.0.1.0/24",
            "customer_owned_ipv4_pool": "",
            "id": "subnet-076cb04d3c9ab0f83",
            "ipv6_cidr_block": "",
            "ipv6_cidr_block_association_id": "",
            "map_customer_owned_ip_on_launch": false,
            "map_public_ip_on_launch": false,
            "outpost_arn": "",
            "owner_id": "647278903881",
            "tags": {
              "Env": "Big Data",
              "Name": "Marcin",
              "Project": "PW"
            },
            "tags_all": {
              "Env": "Big Data",
              "Name": "Marcin",
              "Project": "PW"
            },
            "timeouts": null,
            "vpc_id": "vpc-0bfd49fd2b32bcfd6"
          },
          "sensitive_attributes": [],
          "private": "eyJlMmJmYjczMC1lY2FhLTExZTYtOGY4OC0zNDM2M2JjN2M0YzAiOnsiY3JlYXRlIjo2MDAwMDAwMDAwMDAsImRlbGV0ZSI6MTIwMDAwMDAwMDAwMH0sInNjaGVtYV92ZXJzaW9uIjoiMSJ9",
          "dependencies": [
            "aws_vpc.emr_vpc"
          ]
        }
      ]
    },
    {
      "mode": "managed",
      "type": "aws_vpc",
      "name": "emr_vpc",
      "provider": "provider[\"registry.terraform.io/hashicorp/aws\"]",
      "instances": [
        {
          "schema_version": 1,
          "attributes": {
            "arn": "arn:aws:ec2:us-east-1:647278903881:vpc/vpc-0bfd49fd2b32bcfd6",
            "assign_generated_ipv6_cidr_block": false,
            "cidr_block": "10.0.0.0/16",
            "default_network_acl_id": "acl-00964184801113cc6",
            "default_route_table_id": "rtb-033f8cbcb0a748fb1",
            "default_security_group_id": "sg-01ee4f938647f6a0f",
            "dhcp_options_id": "dopt-71e4990b",
            "enable_classiclink": false,
            "enable_classiclink_dns_support": false,
            "enable_dns_hostnames": false,
            "enable_dns_support": true,
            "id": "vpc-0bfd49fd2b32bcfd6",
            "instance_tenancy": "default",
            "ipv6_association_id": "",
            "ipv6_cidr_block": "",
            "main_route_table_id": "rtb-033f8cbcb0a748fb1",
            "owner_id": "647278903881",
            "tags": {
              "Env": "Big Data",
              "Name": "Marcin",
              "Project": "PW"
            },
            "tags_all": {
              "Env": "Big Data",
              "Name": "Marcin",
              "Project": "PW"
            }
          },
          "sensitive_attributes": [],
          "private": "eyJzY2hlbWFfdmVyc2lvbiI6IjEifQ=="
        }
      ]
    }
  ]
}
